
Microsoft Visual Studio Solution File, Format Version 12.00
# Visual Studio Version 17
VisualStudioVersion = 17.0.31912.275
MinimumVisualStudioVersion = 10.0.40219.1
Project("{9A19103F-16F7-4668-BE54-9A1E7A4F7556}") = "Week2.SRP", "Week2_HW.SRP\Week2.SRP.csproj", "{D438A2F4-B779-4740-B0FE-8F6D9EE46863}"
EndProject
Project("{9A19103F-16F7-4668-BE54-9A1E7A4F7556}") = "Week2.OCP", "Week2_HW.OCP\Week2.OCP.csproj", "{61D5FAF1-826C-4DD3-8346-6C6A79A0D1F8}"
EndProject
Project("{9A19103F-16F7-4668-BE54-9A1E7A4F7556}") = "Week2.LSP", "Week2_HW.LSP\Week2.LSP.csproj", "{E045A6C0-9A3A-4189-A73C-D32422181E1E}"
EndProject
Project("{9A19103F-16F7-4668-BE54-9A1E7A4F7556}") = "Week2.ISP", "Week2_HW.ISP\Week2.ISP.csproj", "{91EF0C3C-68DA-463D-BBF6-370A09444524}"
EndProject
Project("{9A19103F-16F7-4668-BE54-9A1E7A4F7556}") = "Week2.DIP", "Week2_HW.DIP\Week2.DIP.csproj", "{DA6DA7A6-1929-4B89-9150-1D0E4F5ED250}"
EndProject
Project("{2150E333-8FDC-42A3-9474-1A3956D46DE8}") = "SOLID", "SOLID", "{ABB19376-887A-4819-AE13-AC15AB0DCAA5}"
EndProject
Project("{2150E333-8FDC-42A3-9474-1A3956D46DE8}") = "EFCoreCRUD", "EFCoreCRUD", "{F7F3A907-9F3F-452B-AF75-F283F38102AA}"
EndProject
Project("{9A19103F-16F7-4668-BE54-9A1E7A4F7556}") = "Week2.EFCoreCRUD.Entities", "EFCoreCRUD.Entities\Week2.EFCoreCRUD.Entities.csproj", "{8FF3DA51-4676-496E-A9C3-6B4E48395B86}"
EndProject
Project("{9A19103F-16F7-4668-BE54-9A1E7A4F7556}") = "Week2.EFCoreCRUD.DataAccess", "EFCoreCRUD.DataAccess\Week2.EFCoreCRUD.DataAccess.csproj", "{EBBF26E9-F1CF-41BB-B815-7EFEF56FFFFF}"
EndProject
Project("{9A19103F-16F7-4668-BE54-9A1E7A4F7556}") = "Week2.EFCoreCRUD.Business", "EFCoreCRUD.Business\Week2.EFCoreCRUD.Business.csproj", "{B51A743C-8ABD-4D28-8F9A-977969E37CBF}"
EndProject
Project("{9A19103F-16F7-4668-BE54-9A1E7A4F7556}") = "Week2.EFCoreCRUD.API", "EFCoreCRUD.API\Week2.EFCoreCRUD.API.csproj", "{BD1FD407-D995-4FED-9615-85B8D8650485}"
EndProject
Global
	GlobalSection(SolutionConfigurationPlatforms) = preSolution
		Debug|Any CPU = Debug|Any CPU
		Release|Any CPU = Release|Any CPU
	EndGlobalSection
	GlobalSection(ProjectConfigurationPlatforms) = postSolution
		{D438A2F4-B779-4740-B0FE-8F6D9EE46863}.Debug|Any CPU.ActiveCfg = Debug|Any CPU
		{D438A2F4-B779-4740-B0FE-8F6D9EE46863}.Debug|Any CPU.Build.0 = Debug|Any CPU
		{D438A2F4-B779-4740-B0FE-8F6D9EE46863}.Release|Any CPU.ActiveCfg = Release|Any CPU
		{D438A2F4-B779-4740-B0FE-8F6D9EE46863}.Release|Any CPU.Build.0 = Release|Any CPU
		{61D5FAF1-826C-4DD3-8346-6C6A79A0D1F8}.Debug|Any CPU.ActiveCfg = Debug|Any CPU
		{61D5FAF1-826C-4DD3-8346-6C6A79A0D1F8}.Debug|Any CPU.Build.0 = Debug|Any CPU
		{61D5FAF1-826C-4DD3-8346-6C6A79A0D1F8}.Release|Any CPU.ActiveCfg = Release|Any CPU
		{61D5FAF1-826C-4DD3-8346-6C6A79A0D1F8}.Release|Any CPU.Build.0 = Release|Any CPU
		{E045A6C0-9A3A-4189-A73C-D32422181E1E}.Debug|Any CPU.ActiveCfg = Debug|Any CPU
		{E045A6C0-9A3A-4189-A73C-D32422181E1E}.Debug|Any CPU.Build.0 = Debug|Any CPU
		{E045A6C0-9A3A-4189-A73C-D32422181E1E}.Release|Any CPU.ActiveCfg = Release|Any CPU
		{E045A6C0-9A3A-4189-A73C-D32422181E1E}.Release|Any CPU.Build.0 = Release|Any CPU
		{91EF0C3C-68DA-463D-BBF6-370A09444524}.Debug|Any CPU.ActiveCfg = Debug|Any CPU
		{91EF0C3C-68DA-463D-BBF6-370A09444524}.Debug|Any CPU.Build.0 = Debug|Any CPU
		{91EF0C3C-68DA-463D-BBF6-370A09444524}.Release|Any CPU.ActiveCfg = Release|Any CPU
		{91EF0C3C-68DA-463D-BBF6-370A09444524}.Release|Any CPU.Build.0 = Release|Any CPU
		{DA6DA7A6-1929-4B89-9150-1D0E4F5ED250}.Debug|Any CPU.ActiveCfg = Debug|Any CPU
		{DA6DA7A6-1929-4B89-9150-1D0E4F5ED250}.Debug|Any CPU.Build.0 = Debug|Any CPU
		{DA6DA7A6-1929-4B89-9150-1D0E4F5ED250}.Release|Any CPU.ActiveCfg = Release|Any CPU
		{DA6DA7A6-1929-4B89-9150-1D0E4F5ED250}.Release|Any CPU.Build.0 = Release|Any CPU
		{8FF3DA51-4676-496E-A9C3-6B4E48395B86}.Debug|Any CPU.ActiveCfg = Debug|Any CPU
		{8FF3DA51-4676-496E-A9C3-6B4E48395B86}.Debug|Any CPU.Build.0 = Debug|Any CPU
		{8FF3DA51-4676-496E-A9C3-6B4E48395B86}.Release|Any CPU.ActiveCfg = Release|Any CPU
		{8FF3DA51-4676-496E-A9C3-6B4E48395B86}.Release|Any CPU.Build.0 = Release|Any CPU
		{EBBF26E9-F1CF-41BB-B815-7EFEF56FFFFF}.Debug|Any CPU.ActiveCfg = Debug|Any CPU
		{EBBF26E9-F1CF-41BB-B815-7EFEF56FFFFF}.Debug|Any CPU.Build.0 = Debug|Any CPU
		{EBBF26E9-F1CF-41BB-B815-7EFEF56FFFFF}.Release|Any CPU.ActiveCfg = Release|Any CPU
		{EBBF26E9-F1CF-41BB-B815-7EFEF56FFFFF}.Release|Any CPU.Build.0 = Release|Any CPU
		{B51A743C-8ABD-4D28-8F9A-977969E37CBF}.Debug|Any CPU.ActiveCfg = Debug|Any CPU
		{B51A743C-8ABD-4D28-8F9A-977969E37CBF}.Debug|Any CPU.Build.0 = Debug|Any CPU
		{B51A743C-8ABD-4D28-8F9A-977969E37CBF}.Release|Any CPU.ActiveCfg = Release|Any CPU
		{B51A743C-8ABD-4D28-8F9A-977969E37CBF}.Release|Any CPU.Build.0 = Release|Any CPU
		{BD1FD407-D995-4FED-9615-85B8D8650485}.Debug|Any CPU.ActiveCfg = Debug|Any CPU
		{BD1FD407-D995-4FED-9615-85B8D8650485}.Debug|Any CPU.Build.0 = Debug|Any CPU
		{BD1FD407-D995-4FED-9615-85B8D8650485}.Release|Any CPU.ActiveCfg = Release|Any CPU
		{BD1FD407-D995-4FED-9615-85B8D8650485}.Release|Any CPU.Build.0 = Release|Any CPU
	EndGlobalSection
	GlobalSection(SolutionProperties) = preSolution
		HideSolutionNode = FALSE
	EndGlobalSection
	GlobalSection(NestedProjects) = preSolution
		{D438A2F4-B779-4740-B0FE-8F6D9EE46863} = {ABB19376-887A-4819-AE13-AC15AB0DCAA5}
		{61D5FAF1-826C-4DD3-8346-6C6A79A0D1F8} = {ABB19376-887A-4819-AE13-AC15AB0DCAA5}
		{E045A6C0-9A3A-4189-A73C-D32422181E1E} = {ABB19376-887A-4819-AE13-AC15AB0DCAA5}
		{91EF0C3C-68DA-463D-BBF6-370A09444524} = {ABB19376-887A-4819-AE13-AC15AB0DCAA5}
		{DA6DA7A6-1929-4B89-9150-1D0E4F5ED250} = {ABB19376-887A-4819-AE13-AC15AB0DCAA5}
		{8FF3DA51-4676-496E-A9C3-6B4E48395B86} = {F7F3A907-9F3F-452B-AF75-F283F38102AA}
		{EBBF26E9-F1CF-41BB-B815-7EFEF56FFFFF} = {F7F3A907-9F3F-452B-AF75-F283F38102AA}
		{B51A743C-8ABD-4D28-8F9A-977969E37CBF} = {F7F3A907-9F3F-452B-AF75-F283F38102AA}
		{BD1FD407-D995-4FED-9615-85B8D8650485} = {F7F3A907-9F3F-452B-AF75-F283F38102AA}
	EndGlobalSection
	GlobalSection(ExtensibilityGlobals) = postSolution
		SolutionGuid = {899FDAF4-235D-4DC3-B71F-C446053F5F9E}
	EndGlobalSection
EndGlobal
